
Microsoft Visual Studio Solution File, Format Version 12.00
# Visual Studio 14
VisualStudioVersion = 14.0.25420.1
MinimumVisualStudioVersion = 10.0.40219.1
Project("{FAE04EC0-301F-11D3-BF4B-00C04F79EFBC}") = "Centroid Incircle  Incenter", "Centroid Incircle  Incenter\Centroid Incircle  Incenter.csproj", "{580EA9D8-B587-41A6-B843-AEBBFFB24507}"
EndProject
Global
	GlobalSection(SolutionConfigurationPlatforms) = preSolution
		Debug|Any CPU = Debug|Any CPU
		Release|Any CPU = Release|Any CPU
	EndGlobalSection
	GlobalSection(ProjectConfigurationPlatforms) = postSolution
		{580EA9D8-B587-41A6-B843-AEBBFFB24507}.Debug|Any CPU.ActiveCfg = Debug|Any CPU
		{580EA9D8-B587-41A6-B843-AEBBFFB24507}.Debug|Any CPU.Build.0 = Debug|Any CPU
		{580EA9D8-B587-41A6-B843-AEBBFFB24507}.Release|Any CPU.ActiveCfg = Release|Any CPU
		{580EA9D8-B587-41A6-B843-AEBBFFB24507}.Release|Any CPU.Build.0 = Release|Any CPU
	EndGlobalSection
	GlobalSection(SolutionProperties) = preSolution
		HideSolutionNode = FALSE
	EndGlobalSection
EndGlobal
